
Microsoft Visual Studio Solution File, Format Version 12.00
# Visual Studio Version 16
VisualStudioVersion = 16.0.32228.343
MinimumVisualStudioVersion = 10.0.40219.1
Project("{FAE04EC0-301F-11D3-BF4B-00C04F79EFBC}") = "v2", "v2.csproj", "{B2DA39A2-32F1-4C11-AD67-0B369608409C}"
EndProject
Global
	GlobalSection(SolutionConfigurationPlatforms) = preSolution
		Debug|Any CPU = Debug|Any CPU
		Release|Any CPU = Release|Any CPU
	EndGlobalSection
	GlobalSection(ProjectConfigurationPlatforms) = postSolution
		{B2DA39A2-32F1-4C11-AD67-0B369608409C}.Debug|Any CPU.ActiveCfg = Debug|Any CPU
		{B2DA39A2-32F1-4C11-AD67-0B369608409C}.Debug|Any CPU.Build.0 = Debug|Any CPU
		{B2DA39A2-32F1-4C11-AD67-0B369608409C}.Release|Any CPU.ActiveCfg = Release|Any CPU
		{B2DA39A2-32F1-4C11-AD67-0B369608409C}.Release|Any CPU.Build.0 = Release|Any CPU
	EndGlobalSection
	GlobalSection(SolutionProperties) = preSolution
		HideSolutionNode = FALSE
	EndGlobalSection
	GlobalSection(ExtensibilityGlobals) = postSolution
		SolutionGuid = {8C1030F6-C676-4E72-AC38-17E424F0053B}
	EndGlobalSection
EndGlobal
